
Microsoft Visual Studio Solution File, Format Version 12.00
# Visual Studio 15
VisualStudioVersion = 15.0.26730.16
MinimumVisualStudioVersion = 10.0.40219.1
Project("{2150E333-8FDC-42A3-9474-1A3956D46DE8}") = "Source", "Source", "{1CBC3387-29F6-4FDE-9081-4CB4A996C76D}"
EndProject
Project("{9A19103F-16F7-4668-BE54-9A1E7A4F7556}") = "Core.Extensions", "Source\Core.Extensions\Core.Extensions.csproj", "{458AEEE8-CB3F-4B25-ACA4-879A69D5688B}"
EndProject
Project("{FAE04EC0-301F-11D3-BF4B-00C04F79EFBC}") = "Core.Resources", "Source\Core.Resources\Core.Resources.csproj", "{7FAAAF77-9695-4C72-80DE-BF7191519786}"
EndProject
Project("{FAE04EC0-301F-11D3-BF4B-00C04F79EFBC}") = "Core.Diagnostics", "Source\Core.Diagnostics\Core.Diagnostics.csproj", "{FE7DC745-416A-49E8-961A-F4AD6C398594}"
EndProject
Project("{FAE04EC0-301F-11D3-BF4B-00C04F79EFBC}") = "Core.Linq", "Source\Core.Linq\Core.Linq.csproj", "{2CC796FA-40EB-4E74-B265-06DC2EE0FB9C}"
EndProject
Project("{FAE04EC0-301F-11D3-BF4B-00C04F79EFBC}") = "Core.Reflection", "Source\Core.Reflection\Core.Reflection.csproj", "{8B75034C-6855-4E40-B3D4-CF675E36EB52}"
EndProject
Project("{FAE04EC0-301F-11D3-BF4B-00C04F79EFBC}") = "Core.Runtime.Serialization", "Source\Core.Runtime.Serialization\Core.Runtime.Serialization.csproj", "{F3C26742-CABE-4659-9FAA-195BA95538D6}"
EndProject
Project("{2150E333-8FDC-42A3-9474-1A3956D46DE8}") = "Test", "Test", "{B28E62C8-9F61-4D85-9E4E-BB4A383DE5AA}"
EndProject
Project("{FAE04EC0-301F-11D3-BF4B-00C04F79EFBC}") = "Core.Tests", "Test\Core.Tests\Core.Tests.csproj", "{9D1A3395-DCD3-4746-B776-83EE8A78BD7B}"
EndProject
Project("{FAE04EC0-301F-11D3-BF4B-00C04F79EFBC}") = "Core.Diagnostics.Tests", "Test\Core.Diagnostics.Tests\Core.Diagnostics.Tests.csproj", "{C6F03465-0ECD-4A92-9918-F33CD60D8391}"
EndProject
Project("{FAE04EC0-301F-11D3-BF4B-00C04F79EFBC}") = "Core.Linq.Tests", "Test\Core.Linq.Tests\Core.Linq.Tests.csproj", "{343315BD-6643-4E8C-85A2-92C68B7DB325}"
EndProject
Project("{FAE04EC0-301F-11D3-BF4B-00C04F79EFBC}") = "Core.Reflection.Tests", "Test\Core.Reflection.Tests\Core.Reflection.Tests.csproj", "{36E99866-2575-40B8-8982-F3906410F26A}"
EndProject
Project("{FAE04EC0-301F-11D3-BF4B-00C04F79EFBC}") = "Core.Resources.Tests", "Test\Core.Resources.Tests\Core.Resources.Tests.csproj", "{843F0786-FFB3-4A1F-A8E1-5125A77ACF76}"
EndProject
Project("{FAE04EC0-301F-11D3-BF4B-00C04F79EFBC}") = "Core.Runtime.Serialization.Tests", "Test\Core.Runtime.Serialization.Tests\Core.Runtime.Serialization.Tests.csproj", "{7F7FB3D2-AE0D-46C4-8360-40FE8BDE5B32}"
EndProject
Project("{FAE04EC0-301F-11D3-BF4B-00C04F79EFBC}") = "Core.Extensions.Test", "Test\Core.Extensions.Test\Core.Extensions.Test.csproj", "{3D982A4A-223F-4784-A238-FD3F36E55D4F}"
EndProject
Global
	GlobalSection(SolutionConfigurationPlatforms) = preSolution
		Debug|Any CPU = Debug|Any CPU
		Release|Any CPU = Release|Any CPU
	EndGlobalSection
	GlobalSection(ProjectConfigurationPlatforms) = postSolution
		{458AEEE8-CB3F-4B25-ACA4-879A69D5688B}.Debug|Any CPU.ActiveCfg = Debug|Any CPU
		{458AEEE8-CB3F-4B25-ACA4-879A69D5688B}.Debug|Any CPU.Build.0 = Debug|Any CPU
		{458AEEE8-CB3F-4B25-ACA4-879A69D5688B}.Release|Any CPU.ActiveCfg = Release|Any CPU
		{458AEEE8-CB3F-4B25-ACA4-879A69D5688B}.Release|Any CPU.Build.0 = Release|Any CPU
		{7FAAAF77-9695-4C72-80DE-BF7191519786}.Debug|Any CPU.ActiveCfg = Debug|Any CPU
		{7FAAAF77-9695-4C72-80DE-BF7191519786}.Debug|Any CPU.Build.0 = Debug|Any CPU
		{7FAAAF77-9695-4C72-80DE-BF7191519786}.Release|Any CPU.ActiveCfg = Release|Any CPU
		{7FAAAF77-9695-4C72-80DE-BF7191519786}.Release|Any CPU.Build.0 = Release|Any CPU
		{FE7DC745-416A-49E8-961A-F4AD6C398594}.Debug|Any CPU.ActiveCfg = Debug|Any CPU
		{FE7DC745-416A-49E8-961A-F4AD6C398594}.Debug|Any CPU.Build.0 = Debug|Any CPU
		{FE7DC745-416A-49E8-961A-F4AD6C398594}.Release|Any CPU.ActiveCfg = Release|Any CPU
		{FE7DC745-416A-49E8-961A-F4AD6C398594}.Release|Any CPU.Build.0 = Release|Any CPU
		{2CC796FA-40EB-4E74-B265-06DC2EE0FB9C}.Debug|Any CPU.ActiveCfg = Debug|Any CPU
		{2CC796FA-40EB-4E74-B265-06DC2EE0FB9C}.Debug|Any CPU.Build.0 = Debug|Any CPU
		{2CC796FA-40EB-4E74-B265-06DC2EE0FB9C}.Release|Any CPU.ActiveCfg = Release|Any CPU
		{2CC796FA-40EB-4E74-B265-06DC2EE0FB9C}.Release|Any CPU.Build.0 = Release|Any CPU
		{8B75034C-6855-4E40-B3D4-CF675E36EB52}.Debug|Any CPU.ActiveCfg = Debug|Any CPU
		{8B75034C-6855-4E40-B3D4-CF675E36EB52}.Debug|Any CPU.Build.0 = Debug|Any CPU
		{8B75034C-6855-4E40-B3D4-CF675E36EB52}.Release|Any CPU.ActiveCfg = Release|Any CPU
		{8B75034C-6855-4E40-B3D4-CF675E36EB52}.Release|Any CPU.Build.0 = Release|Any CPU
		{F3C26742-CABE-4659-9FAA-195BA95538D6}.Debug|Any CPU.ActiveCfg = Debug|Any CPU
		{F3C26742-CABE-4659-9FAA-195BA95538D6}.Debug|Any CPU.Build.0 = Debug|Any CPU
		{F3C26742-CABE-4659-9FAA-195BA95538D6}.Release|Any CPU.ActiveCfg = Release|Any CPU
		{F3C26742-CABE-4659-9FAA-195BA95538D6}.Release|Any CPU.Build.0 = Release|Any CPU
		{9D1A3395-DCD3-4746-B776-83EE8A78BD7B}.Debug|Any CPU.ActiveCfg = Debug|Any CPU
		{9D1A3395-DCD3-4746-B776-83EE8A78BD7B}.Debug|Any CPU.Build.0 = Debug|Any CPU
		{9D1A3395-DCD3-4746-B776-83EE8A78BD7B}.Release|Any CPU.ActiveCfg = Release|Any CPU
		{9D1A3395-DCD3-4746-B776-83EE8A78BD7B}.Release|Any CPU.Build.0 = Release|Any CPU
		{C6F03465-0ECD-4A92-9918-F33CD60D8391}.Debug|Any CPU.ActiveCfg = Debug|Any CPU
		{C6F03465-0ECD-4A92-9918-F33CD60D8391}.Debug|Any CPU.Build.0 = Debug|Any CPU
		{C6F03465-0ECD-4A92-9918-F33CD60D8391}.Release|Any CPU.ActiveCfg = Release|Any CPU
		{C6F03465-0ECD-4A92-9918-F33CD60D8391}.Release|Any CPU.Build.0 = Release|Any CPU
		{343315BD-6643-4E8C-85A2-92C68B7DB325}.Debug|Any CPU.ActiveCfg = Debug|Any CPU
		{343315BD-6643-4E8C-85A2-92C68B7DB325}.Debug|Any CPU.Build.0 = Debug|Any CPU
		{343315BD-6643-4E8C-85A2-92C68B7DB325}.Release|Any CPU.ActiveCfg = Release|Any CPU
		{343315BD-6643-4E8C-85A2-92C68B7DB325}.Release|Any CPU.Build.0 = Release|Any CPU
		{36E99866-2575-40B8-8982-F3906410F26A}.Debug|Any CPU.ActiveCfg = Debug|Any CPU
		{36E99866-2575-40B8-8982-F3906410F26A}.Debug|Any CPU.Build.0 = Debug|Any CPU
		{36E99866-2575-40B8-8982-F3906410F26A}.Release|Any CPU.ActiveCfg = Release|Any CPU
		{36E99866-2575-40B8-8982-F3906410F26A}.Release|Any CPU.Build.0 = Release|Any CPU
		{843F0786-FFB3-4A1F-A8E1-5125A77ACF76}.Debug|Any CPU.ActiveCfg = Debug|Any CPU
		{843F0786-FFB3-4A1F-A8E1-5125A77ACF76}.Debug|Any CPU.Build.0 = Debug|Any CPU
		{843F0786-FFB3-4A1F-A8E1-5125A77ACF76}.Release|Any CPU.ActiveCfg = Release|Any CPU
		{843F0786-FFB3-4A1F-A8E1-5125A77ACF76}.Release|Any CPU.Build.0 = Release|Any CPU
		{7F7FB3D2-AE0D-46C4-8360-40FE8BDE5B32}.Debug|Any CPU.ActiveCfg = Debug|Any CPU
		{7F7FB3D2-AE0D-46C4-8360-40FE8BDE5B32}.Debug|Any CPU.Build.0 = Debug|Any CPU
		{7F7FB3D2-AE0D-46C4-8360-40FE8BDE5B32}.Release|Any CPU.ActiveCfg = Release|Any CPU
		{7F7FB3D2-AE0D-46C4-8360-40FE8BDE5B32}.Release|Any CPU.Build.0 = Release|Any CPU
		{3D982A4A-223F-4784-A238-FD3F36E55D4F}.Debug|Any CPU.ActiveCfg = Debug|Any CPU
		{3D982A4A-223F-4784-A238-FD3F36E55D4F}.Debug|Any CPU.Build.0 = Debug|Any CPU
		{3D982A4A-223F-4784-A238-FD3F36E55D4F}.Release|Any CPU.ActiveCfg = Release|Any CPU
		{3D982A4A-223F-4784-A238-FD3F36E55D4F}.Release|Any CPU.Build.0 = Release|Any CPU
	EndGlobalSection
	GlobalSection(SolutionProperties) = preSolution
		HideSolutionNode = FALSE
	EndGlobalSection
	GlobalSection(NestedProjects) = preSolution
		{458AEEE8-CB3F-4B25-ACA4-879A69D5688B} = {1CBC3387-29F6-4FDE-9081-4CB4A996C76D}
		{7FAAAF77-9695-4C72-80DE-BF7191519786} = {1CBC3387-29F6-4FDE-9081-4CB4A996C76D}
		{FE7DC745-416A-49E8-961A-F4AD6C398594} = {1CBC3387-29F6-4FDE-9081-4CB4A996C76D}
		{2CC796FA-40EB-4E74-B265-06DC2EE0FB9C} = {1CBC3387-29F6-4FDE-9081-4CB4A996C76D}
		{8B75034C-6855-4E40-B3D4-CF675E36EB52} = {1CBC3387-29F6-4FDE-9081-4CB4A996C76D}
		{F3C26742-CABE-4659-9FAA-195BA95538D6} = {1CBC3387-29F6-4FDE-9081-4CB4A996C76D}
		{9D1A3395-DCD3-4746-B776-83EE8A78BD7B} = {B28E62C8-9F61-4D85-9E4E-BB4A383DE5AA}
		{C6F03465-0ECD-4A92-9918-F33CD60D8391} = {B28E62C8-9F61-4D85-9E4E-BB4A383DE5AA}
		{343315BD-6643-4E8C-85A2-92C68B7DB325} = {B28E62C8-9F61-4D85-9E4E-BB4A383DE5AA}
		{36E99866-2575-40B8-8982-F3906410F26A} = {B28E62C8-9F61-4D85-9E4E-BB4A383DE5AA}
		{843F0786-FFB3-4A1F-A8E1-5125A77ACF76} = {B28E62C8-9F61-4D85-9E4E-BB4A383DE5AA}
		{7F7FB3D2-AE0D-46C4-8360-40FE8BDE5B32} = {B28E62C8-9F61-4D85-9E4E-BB4A383DE5AA}
		{3D982A4A-223F-4784-A238-FD3F36E55D4F} = {B28E62C8-9F61-4D85-9E4E-BB4A383DE5AA}
	EndGlobalSection
	GlobalSection(ExtensibilityGlobals) = postSolution
		SolutionGuid = {9EC9EA9B-A295-41E1-BCB7-1D9E4C49C3C7}
	EndGlobalSection
EndGlobal
