
Microsoft Visual Studio Solution File, Format Version 12.00
# Visual Studio 15
VisualStudioVersion = 15.0.26228.9
MinimumVisualStudioVersion = 10.0.40219.1
Project("{2150E333-8FDC-42A3-9474-1A3956D46DE8}") = "Source", "Source", "{4BB1A738-4645-4A72-9830-9A8F1FF1B0C0}"
EndProject
Project("{2150E333-8FDC-42A3-9474-1A3956D46DE8}") = "Solution Items", "Solution Items", "{5DFE0E90-003B-46EB-9457-B075D3841D6F}"
EndProject
Project("{2150E333-8FDC-42A3-9474-1A3956D46DE8}") = "Test", "Test", "{707C5992-8B2A-46CE-B81D-D73553FCEE85}"
EndProject
Project("{9A19103F-16F7-4668-BE54-9A1E7A4F7556}") = "Core.Extensions", "Source\Core.Extensions\Core.Extensions.csproj", "{E4611C8A-158F-4B06-B791-BB3226798262}"
EndProject
Project("{9A19103F-16F7-4668-BE54-9A1E7A4F7556}") = "Core.Diagnostics", "Source\Core.Diagnostics\Core.Diagnostics.csproj", "{3B43A8AC-1A37-43CF-ABB9-39D273D1066C}"
EndProject
Project("{9A19103F-16F7-4668-BE54-9A1E7A4F7556}") = "Core.Diagnostics.Tests", "Test\Core.Diagnostics.Tests\Core.Diagnostics.Tests.csproj", "{C793D8E7-9D67-4371-A437-6B20788B1354}"
EndProject
Project("{9A19103F-16F7-4668-BE54-9A1E7A4F7556}") = "Core.Resources", "Source\Core.Resources\Core.Resources.csproj", "{F3588B98-55BA-4022-A755-873D5C6B5AE9}"
EndProject
Project("{9A19103F-16F7-4668-BE54-9A1E7A4F7556}") = "Core.Resources.Tests", "Test\Core.Resources.Tests\Core.Resources.Tests.csproj", "{1FDBFC8B-1FB0-4280-824C-A60A8B0033FF}"
EndProject
Project("{9A19103F-16F7-4668-BE54-9A1E7A4F7556}") = "Core.Linq", "Source\Core.Linq\Core.Linq.csproj", "{F47EF5D5-2BF8-49B6-A213-44E59CCC28CF}"
EndProject
Project("{9A19103F-16F7-4668-BE54-9A1E7A4F7556}") = "Core.Linq.Tests", "Test\Core.Linq.Tests\Core.Linq.Tests.csproj", "{CCAD0655-8E02-4B43-B1C7-27BB64D05428}"
EndProject
Project("{9A19103F-16F7-4668-BE54-9A1E7A4F7556}") = "Core.Tests", "Test\Core.Tests\Core.Tests.csproj", "{2898B8B5-4A31-4633-A935-04BBE75B350D}"
EndProject
Project("{9A19103F-16F7-4668-BE54-9A1E7A4F7556}") = "Core.Net", "Source\Core.Net\Core.Net.csproj", "{F0F2A0FA-4663-44AB-8BD6-F5E48B847CE9}"
EndProject
Project("{9A19103F-16F7-4668-BE54-9A1E7A4F7556}") = "Core.Runtime.Serialization", "Source\Core.Runtime.Serialization\Core.Runtime.Serialization.csproj", "{7966A7EE-9018-4CE5-80F6-CC94B206AEB2}"
EndProject
Project("{9A19103F-16F7-4668-BE54-9A1E7A4F7556}") = "Core.Net.Tests", "Test\Core.Net.Tests\Core.Net.Tests.csproj", "{9C8D9CBA-A190-4463-9080-875DDDC5A213}"
EndProject
Project("{9A19103F-16F7-4668-BE54-9A1E7A4F7556}") = "Core.Runtime.Serialization.Tests", "Test\Core.Runtime.Serialization.Tests\Core.Runtime.Serialization.Tests.csproj", "{B3115E69-1786-4DF9-AC53-452A67C45925}"
EndProject
Project("{9A19103F-16F7-4668-BE54-9A1E7A4F7556}") = "Core.Extensions.Test", "Test\Core.Extensions.Test\Core.Extensions.Test.csproj", "{5324DC06-E7F0-45EF-ABA4-30966AF4E42F}"
EndProject
Project("{9A19103F-16F7-4668-BE54-9A1E7A4F7556}") = "Core.Reflection", "Source\Core.Reflection\Core.Reflection.csproj", "{5B6AC7C3-7095-489A-8F13-C03D1FB5CABD}"
EndProject
Project("{9A19103F-16F7-4668-BE54-9A1E7A4F7556}") = "Core.Reflection.Tests", "Test\Core.Reflection.Tests\Core.Reflection.Tests.csproj", "{CE8279C5-AF8F-40F0-8628-D28A914D42E5}"
EndProject
Global
	GlobalSection(SolutionConfigurationPlatforms) = preSolution
		Debug|Any CPU = Debug|Any CPU
		Release|Any CPU = Release|Any CPU
	EndGlobalSection
	GlobalSection(ProjectConfigurationPlatforms) = postSolution
		{E4611C8A-158F-4B06-B791-BB3226798262}.Debug|Any CPU.ActiveCfg = Debug|Any CPU
		{E4611C8A-158F-4B06-B791-BB3226798262}.Debug|Any CPU.Build.0 = Debug|Any CPU
		{E4611C8A-158F-4B06-B791-BB3226798262}.Release|Any CPU.ActiveCfg = Release|Any CPU
		{E4611C8A-158F-4B06-B791-BB3226798262}.Release|Any CPU.Build.0 = Release|Any CPU
		{3B43A8AC-1A37-43CF-ABB9-39D273D1066C}.Debug|Any CPU.ActiveCfg = Debug|Any CPU
		{3B43A8AC-1A37-43CF-ABB9-39D273D1066C}.Debug|Any CPU.Build.0 = Debug|Any CPU
		{3B43A8AC-1A37-43CF-ABB9-39D273D1066C}.Release|Any CPU.ActiveCfg = Release|Any CPU
		{3B43A8AC-1A37-43CF-ABB9-39D273D1066C}.Release|Any CPU.Build.0 = Release|Any CPU
		{C793D8E7-9D67-4371-A437-6B20788B1354}.Debug|Any CPU.ActiveCfg = Debug|Any CPU
		{C793D8E7-9D67-4371-A437-6B20788B1354}.Debug|Any CPU.Build.0 = Debug|Any CPU
		{C793D8E7-9D67-4371-A437-6B20788B1354}.Release|Any CPU.ActiveCfg = Release|Any CPU
		{C793D8E7-9D67-4371-A437-6B20788B1354}.Release|Any CPU.Build.0 = Release|Any CPU
		{F3588B98-55BA-4022-A755-873D5C6B5AE9}.Debug|Any CPU.ActiveCfg = Debug|Any CPU
		{F3588B98-55BA-4022-A755-873D5C6B5AE9}.Debug|Any CPU.Build.0 = Debug|Any CPU
		{F3588B98-55BA-4022-A755-873D5C6B5AE9}.Release|Any CPU.ActiveCfg = Release|Any CPU
		{F3588B98-55BA-4022-A755-873D5C6B5AE9}.Release|Any CPU.Build.0 = Release|Any CPU
		{1FDBFC8B-1FB0-4280-824C-A60A8B0033FF}.Debug|Any CPU.ActiveCfg = Debug|Any CPU
		{1FDBFC8B-1FB0-4280-824C-A60A8B0033FF}.Debug|Any CPU.Build.0 = Debug|Any CPU
		{1FDBFC8B-1FB0-4280-824C-A60A8B0033FF}.Release|Any CPU.ActiveCfg = Release|Any CPU
		{1FDBFC8B-1FB0-4280-824C-A60A8B0033FF}.Release|Any CPU.Build.0 = Release|Any CPU
		{F47EF5D5-2BF8-49B6-A213-44E59CCC28CF}.Debug|Any CPU.ActiveCfg = Debug|Any CPU
		{F47EF5D5-2BF8-49B6-A213-44E59CCC28CF}.Debug|Any CPU.Build.0 = Debug|Any CPU
		{F47EF5D5-2BF8-49B6-A213-44E59CCC28CF}.Release|Any CPU.ActiveCfg = Release|Any CPU
		{F47EF5D5-2BF8-49B6-A213-44E59CCC28CF}.Release|Any CPU.Build.0 = Release|Any CPU
		{CCAD0655-8E02-4B43-B1C7-27BB64D05428}.Debug|Any CPU.ActiveCfg = Debug|Any CPU
		{CCAD0655-8E02-4B43-B1C7-27BB64D05428}.Debug|Any CPU.Build.0 = Debug|Any CPU
		{CCAD0655-8E02-4B43-B1C7-27BB64D05428}.Release|Any CPU.ActiveCfg = Release|Any CPU
		{CCAD0655-8E02-4B43-B1C7-27BB64D05428}.Release|Any CPU.Build.0 = Release|Any CPU
		{2898B8B5-4A31-4633-A935-04BBE75B350D}.Debug|Any CPU.ActiveCfg = Debug|Any CPU
		{2898B8B5-4A31-4633-A935-04BBE75B350D}.Debug|Any CPU.Build.0 = Debug|Any CPU
		{2898B8B5-4A31-4633-A935-04BBE75B350D}.Release|Any CPU.ActiveCfg = Release|Any CPU
		{2898B8B5-4A31-4633-A935-04BBE75B350D}.Release|Any CPU.Build.0 = Release|Any CPU
		{F0F2A0FA-4663-44AB-8BD6-F5E48B847CE9}.Debug|Any CPU.ActiveCfg = Debug|Any CPU
		{F0F2A0FA-4663-44AB-8BD6-F5E48B847CE9}.Debug|Any CPU.Build.0 = Debug|Any CPU
		{F0F2A0FA-4663-44AB-8BD6-F5E48B847CE9}.Release|Any CPU.ActiveCfg = Release|Any CPU
		{F0F2A0FA-4663-44AB-8BD6-F5E48B847CE9}.Release|Any CPU.Build.0 = Release|Any CPU
		{7966A7EE-9018-4CE5-80F6-CC94B206AEB2}.Debug|Any CPU.ActiveCfg = Debug|Any CPU
		{7966A7EE-9018-4CE5-80F6-CC94B206AEB2}.Debug|Any CPU.Build.0 = Debug|Any CPU
		{7966A7EE-9018-4CE5-80F6-CC94B206AEB2}.Release|Any CPU.ActiveCfg = Release|Any CPU
		{7966A7EE-9018-4CE5-80F6-CC94B206AEB2}.Release|Any CPU.Build.0 = Release|Any CPU
		{9C8D9CBA-A190-4463-9080-875DDDC5A213}.Debug|Any CPU.ActiveCfg = Debug|Any CPU
		{9C8D9CBA-A190-4463-9080-875DDDC5A213}.Debug|Any CPU.Build.0 = Debug|Any CPU
		{9C8D9CBA-A190-4463-9080-875DDDC5A213}.Release|Any CPU.ActiveCfg = Release|Any CPU
		{9C8D9CBA-A190-4463-9080-875DDDC5A213}.Release|Any CPU.Build.0 = Release|Any CPU
		{B3115E69-1786-4DF9-AC53-452A67C45925}.Debug|Any CPU.ActiveCfg = Debug|Any CPU
		{B3115E69-1786-4DF9-AC53-452A67C45925}.Debug|Any CPU.Build.0 = Debug|Any CPU
		{B3115E69-1786-4DF9-AC53-452A67C45925}.Release|Any CPU.ActiveCfg = Release|Any CPU
		{B3115E69-1786-4DF9-AC53-452A67C45925}.Release|Any CPU.Build.0 = Release|Any CPU
		{5324DC06-E7F0-45EF-ABA4-30966AF4E42F}.Debug|Any CPU.ActiveCfg = Debug|Any CPU
		{5324DC06-E7F0-45EF-ABA4-30966AF4E42F}.Debug|Any CPU.Build.0 = Debug|Any CPU
		{5324DC06-E7F0-45EF-ABA4-30966AF4E42F}.Release|Any CPU.ActiveCfg = Release|Any CPU
		{5324DC06-E7F0-45EF-ABA4-30966AF4E42F}.Release|Any CPU.Build.0 = Release|Any CPU
		{5B6AC7C3-7095-489A-8F13-C03D1FB5CABD}.Debug|Any CPU.ActiveCfg = Debug|Any CPU
		{5B6AC7C3-7095-489A-8F13-C03D1FB5CABD}.Debug|Any CPU.Build.0 = Debug|Any CPU
		{5B6AC7C3-7095-489A-8F13-C03D1FB5CABD}.Release|Any CPU.ActiveCfg = Release|Any CPU
		{5B6AC7C3-7095-489A-8F13-C03D1FB5CABD}.Release|Any CPU.Build.0 = Release|Any CPU
		{CE8279C5-AF8F-40F0-8628-D28A914D42E5}.Debug|Any CPU.ActiveCfg = Debug|Any CPU
		{CE8279C5-AF8F-40F0-8628-D28A914D42E5}.Debug|Any CPU.Build.0 = Debug|Any CPU
		{CE8279C5-AF8F-40F0-8628-D28A914D42E5}.Release|Any CPU.ActiveCfg = Release|Any CPU
		{CE8279C5-AF8F-40F0-8628-D28A914D42E5}.Release|Any CPU.Build.0 = Release|Any CPU
	EndGlobalSection
	GlobalSection(SolutionProperties) = preSolution
		HideSolutionNode = FALSE
	EndGlobalSection
	GlobalSection(NestedProjects) = preSolution
		{E4611C8A-158F-4B06-B791-BB3226798262} = {4BB1A738-4645-4A72-9830-9A8F1FF1B0C0}
		{3B43A8AC-1A37-43CF-ABB9-39D273D1066C} = {4BB1A738-4645-4A72-9830-9A8F1FF1B0C0}
		{C793D8E7-9D67-4371-A437-6B20788B1354} = {707C5992-8B2A-46CE-B81D-D73553FCEE85}
		{F3588B98-55BA-4022-A755-873D5C6B5AE9} = {4BB1A738-4645-4A72-9830-9A8F1FF1B0C0}
		{1FDBFC8B-1FB0-4280-824C-A60A8B0033FF} = {707C5992-8B2A-46CE-B81D-D73553FCEE85}
		{F47EF5D5-2BF8-49B6-A213-44E59CCC28CF} = {4BB1A738-4645-4A72-9830-9A8F1FF1B0C0}
		{CCAD0655-8E02-4B43-B1C7-27BB64D05428} = {707C5992-8B2A-46CE-B81D-D73553FCEE85}
		{2898B8B5-4A31-4633-A935-04BBE75B350D} = {707C5992-8B2A-46CE-B81D-D73553FCEE85}
		{F0F2A0FA-4663-44AB-8BD6-F5E48B847CE9} = {4BB1A738-4645-4A72-9830-9A8F1FF1B0C0}
		{7966A7EE-9018-4CE5-80F6-CC94B206AEB2} = {4BB1A738-4645-4A72-9830-9A8F1FF1B0C0}
		{9C8D9CBA-A190-4463-9080-875DDDC5A213} = {707C5992-8B2A-46CE-B81D-D73553FCEE85}
		{B3115E69-1786-4DF9-AC53-452A67C45925} = {707C5992-8B2A-46CE-B81D-D73553FCEE85}
		{5324DC06-E7F0-45EF-ABA4-30966AF4E42F} = {707C5992-8B2A-46CE-B81D-D73553FCEE85}
		{5B6AC7C3-7095-489A-8F13-C03D1FB5CABD} = {4BB1A738-4645-4A72-9830-9A8F1FF1B0C0}
		{CE8279C5-AF8F-40F0-8628-D28A914D42E5} = {707C5992-8B2A-46CE-B81D-D73553FCEE85}
	EndGlobalSection
EndGlobal
